{
  "name": "data-server",
  "version": "1.0.0",
  "lockfileVersion": 1,
  "requires": true,
  "dependencies": {
    "@types/jquery": {
      "version": "3.3.1",
      "resolved": "https://registry.npmjs.org/@types/jquery/-/jquery-3.3.1.tgz",
      "integrity": "sha512-N3h+rzN518yl2xKrW0o6KKdNmWZ+OwG6SoM5TBEQFF0tTv5wXPEsoOuYQ2Kt3/89XbcSZUJLdjiT/2c3BR/ApQ=="
    },
    "@types/jquery.validation": {
      "version": "1.16.4",
      "resolved": "https://registry.npmjs.org/@types/jquery.validation/-/jquery.validation-1.16.4.tgz",
      "integrity": "sha512-PFrM2r+3bJ2y4VqY+Z68TBZJ+e/cHE7Cfdv1LFcZl0kk2z3au1fuCzxcSH5wAFxq3t4/5SVpXIEM+xysR8Qoxg==",
      "requires": {
        "@types/jquery": "3.3.1"
      }
    },
    "uuid": {
      "version": "3.2.1",
      "resolved": "https://registry.npmjs.org/uuid/-/uuid-3.2.1.tgz",
      "integrity": "sha512-jZnMwlb9Iku/O3smGWvZhauCf6cvvpKi4BKRiliS3cxnI+Gz9j5MEpTz2UFuXiKPJocb7gnsLHwiS05ige5BEA=="
    }
  }
}
